
Microsoft Visual Studio Solution File, Format Version 12.00
# Visual Studio Version 16
VisualStudioVersion = 16.0.30717.126
MinimumVisualStudioVersion = 10.0.40219.1
Project("{FAE04EC0-301F-11D3-BF4B-00C04F79EFBC}") = "UserRegistration.UI", "UserRegistration.UI\UserRegistration.UI.csproj", "{1A26C5E6-F051-40E4-BA6F-7837D3155A4D}"
EndProject
Project("{FAE04EC0-301F-11D3-BF4B-00C04F79EFBC}") = "Core", "Core\Core.csproj", "{F074B6E3-1FE8-4AA0-9487-B96961BD1A50}"
EndProject
Project("{FAE04EC0-301F-11D3-BF4B-00C04F79EFBC}") = "Infrastructure", "Infrastructure\Infrastructure.csproj", "{E47236F1-A057-4530-B3B1-85F8BEF240C3}"
EndProject
Global
	GlobalSection(SolutionConfigurationPlatforms) = preSolution
		Debug|Any CPU = Debug|Any CPU
		Release|Any CPU = Release|Any CPU
	EndGlobalSection
	GlobalSection(ProjectConfigurationPlatforms) = postSolution
		{1A26C5E6-F051-40E4-BA6F-7837D3155A4D}.Debug|Any CPU.ActiveCfg = Debug|Any CPU
		{1A26C5E6-F051-40E4-BA6F-7837D3155A4D}.Debug|Any CPU.Build.0 = Debug|Any CPU
		{1A26C5E6-F051-40E4-BA6F-7837D3155A4D}.Release|Any CPU.ActiveCfg = Release|Any CPU
		{1A26C5E6-F051-40E4-BA6F-7837D3155A4D}.Release|Any CPU.Build.0 = Release|Any CPU
		{F074B6E3-1FE8-4AA0-9487-B96961BD1A50}.Debug|Any CPU.ActiveCfg = Debug|Any CPU
		{F074B6E3-1FE8-4AA0-9487-B96961BD1A50}.Debug|Any CPU.Build.0 = Debug|Any CPU
		{F074B6E3-1FE8-4AA0-9487-B96961BD1A50}.Release|Any CPU.ActiveCfg = Release|Any CPU
		{F074B6E3-1FE8-4AA0-9487-B96961BD1A50}.Release|Any CPU.Build.0 = Release|Any CPU
		{E47236F1-A057-4530-B3B1-85F8BEF240C3}.Debug|Any CPU.ActiveCfg = Debug|Any CPU
		{E47236F1-A057-4530-B3B1-85F8BEF240C3}.Debug|Any CPU.Build.0 = Debug|Any CPU
		{E47236F1-A057-4530-B3B1-85F8BEF240C3}.Release|Any CPU.ActiveCfg = Release|Any CPU
		{E47236F1-A057-4530-B3B1-85F8BEF240C3}.Release|Any CPU.Build.0 = Release|Any CPU
	EndGlobalSection
	GlobalSection(SolutionProperties) = preSolution
		HideSolutionNode = FALSE
	EndGlobalSection
	GlobalSection(ExtensibilityGlobals) = postSolution
		SolutionGuid = {39CFE406-4DD6-4802-94E3-E4D0D7AA0F56}
	EndGlobalSection
EndGlobal
